
Microsoft Visual Studio Solution File, Format Version 12.00
Project("{FAE04EC0-301F-11D3-BF4B-00C04F79EFBC}") = "IPK25-Chat", "IPK25-Chat\IPK25-Chat.csproj", "{6CC34D36-7C87-482C-8344-584ECC5FD47F}"
EndProject
Global
	GlobalSection(SolutionConfigurationPlatforms) = preSolution
		Debug|Any CPU = Debug|Any CPU
		Release|Any CPU = Release|Any CPU
	EndGlobalSection
	GlobalSection(ProjectConfigurationPlatforms) = postSolution
		{6CC34D36-7C87-482C-8344-584ECC5FD47F}.Debug|Any CPU.ActiveCfg = Debug|Any CPU
		{6CC34D36-7C87-482C-8344-584ECC5FD47F}.Debug|Any CPU.Build.0 = Debug|Any CPU
		{6CC34D36-7C87-482C-8344-584ECC5FD47F}.Release|Any CPU.ActiveCfg = Release|Any CPU
		{6CC34D36-7C87-482C-8344-584ECC5FD47F}.Release|Any CPU.Build.0 = Release|Any CPU
	EndGlobalSection
EndGlobal
